
Microsoft Visual Studio Solution File, Format Version 12.00
# Visual Studio Version 17
VisualStudioVersion = 17.4.33213.308
MinimumVisualStudioVersion = 10.0.40219.1
Project("{9A19103F-16F7-4668-BE54-9A1E7A4F7556}") = "GrayMarkPrototype", "AverageJoes\GrayMarkPrototype.csproj", "{C53742A1-DBE6-419C-B4A1-E815C628F9A6}"
EndProject
Global
	GlobalSection(SolutionConfigurationPlatforms) = preSolution
		Debug|Any CPU = Debug|Any CPU
		Release|Any CPU = Release|Any CPU
	EndGlobalSection
	GlobalSection(ProjectConfigurationPlatforms) = postSolution
		{C53742A1-DBE6-419C-B4A1-E815C628F9A6}.Debug|Any CPU.ActiveCfg = Debug|Any CPU
		{C53742A1-DBE6-419C-B4A1-E815C628F9A6}.Debug|Any CPU.Build.0 = Debug|Any CPU
		{C53742A1-DBE6-419C-B4A1-E815C628F9A6}.Release|Any CPU.ActiveCfg = Release|Any CPU
		{C53742A1-DBE6-419C-B4A1-E815C628F9A6}.Release|Any CPU.Build.0 = Release|Any CPU
	EndGlobalSection
	GlobalSection(SolutionProperties) = preSolution
		HideSolutionNode = FALSE
	EndGlobalSection
	GlobalSection(ExtensibilityGlobals) = postSolution
		SolutionGuid = {5AFB3CCC-0D3B-45E7-95CF-7E843C77D724}
	EndGlobalSection
EndGlobal
